
Microsoft Visual Studio Solution File, Format Version 12.00
# Visual Studio Version 16
VisualStudioVersion = 16.0.31515.178
MinimumVisualStudioVersion = 10.0.40219.1
Project("{9A19103F-16F7-4668-BE54-9A1E7A4F7556}") = "WeatherApplication.Server", "WeatherApplication\Server\WeatherApplication.Server.csproj", "{B97DDF21-CD92-4FA0-8CB7-05F1F12A161B}"
EndProject
Project("{9A19103F-16F7-4668-BE54-9A1E7A4F7556}") = "WeatherApplication.Client", "WeatherApplication\Client\WeatherApplication.Client.csproj", "{CB94523C-D473-478C-A4EF-B7FC54B71FF7}"
EndProject
Project("{9A19103F-16F7-4668-BE54-9A1E7A4F7556}") = "WeatherApplication.Shared", "WeatherApplication\Shared\WeatherApplication.Shared.csproj", "{C9058FF5-8DCC-4AA2-B0AB-329C42A2957C}"
EndProject
Project("{FAE04EC0-301F-11D3-BF4B-00C04F79EFBC}") = "FetchDataConsole", "FetchDataConsole\FetchDataConsole.csproj", "{74D8C9BF-7824-4DC5-8EB0-F9BB074E1F0F}"
EndProject
Global
	GlobalSection(SolutionConfigurationPlatforms) = preSolution
		Debug|Any CPU = Debug|Any CPU
		Release|Any CPU = Release|Any CPU
	EndGlobalSection
	GlobalSection(ProjectConfigurationPlatforms) = postSolution
		{B97DDF21-CD92-4FA0-8CB7-05F1F12A161B}.Debug|Any CPU.ActiveCfg = Debug|Any CPU
		{B97DDF21-CD92-4FA0-8CB7-05F1F12A161B}.Debug|Any CPU.Build.0 = Debug|Any CPU
		{B97DDF21-CD92-4FA0-8CB7-05F1F12A161B}.Release|Any CPU.ActiveCfg = Release|Any CPU
		{B97DDF21-CD92-4FA0-8CB7-05F1F12A161B}.Release|Any CPU.Build.0 = Release|Any CPU
		{CB94523C-D473-478C-A4EF-B7FC54B71FF7}.Debug|Any CPU.ActiveCfg = Debug|Any CPU
		{CB94523C-D473-478C-A4EF-B7FC54B71FF7}.Debug|Any CPU.Build.0 = Debug|Any CPU
		{CB94523C-D473-478C-A4EF-B7FC54B71FF7}.Release|Any CPU.ActiveCfg = Release|Any CPU
		{CB94523C-D473-478C-A4EF-B7FC54B71FF7}.Release|Any CPU.Build.0 = Release|Any CPU
		{C9058FF5-8DCC-4AA2-B0AB-329C42A2957C}.Debug|Any CPU.ActiveCfg = Debug|Any CPU
		{C9058FF5-8DCC-4AA2-B0AB-329C42A2957C}.Debug|Any CPU.Build.0 = Debug|Any CPU
		{C9058FF5-8DCC-4AA2-B0AB-329C42A2957C}.Release|Any CPU.ActiveCfg = Release|Any CPU
		{C9058FF5-8DCC-4AA2-B0AB-329C42A2957C}.Release|Any CPU.Build.0 = Release|Any CPU
		{74D8C9BF-7824-4DC5-8EB0-F9BB074E1F0F}.Debug|Any CPU.ActiveCfg = Debug|Any CPU
		{74D8C9BF-7824-4DC5-8EB0-F9BB074E1F0F}.Debug|Any CPU.Build.0 = Debug|Any CPU
		{74D8C9BF-7824-4DC5-8EB0-F9BB074E1F0F}.Release|Any CPU.ActiveCfg = Release|Any CPU
		{74D8C9BF-7824-4DC5-8EB0-F9BB074E1F0F}.Release|Any CPU.Build.0 = Release|Any CPU
	EndGlobalSection
	GlobalSection(SolutionProperties) = preSolution
		HideSolutionNode = FALSE
	EndGlobalSection
	GlobalSection(ExtensibilityGlobals) = postSolution
		SolutionGuid = {3C827333-AB76-4069-A4F7-6CF28858941B}
	EndGlobalSection
EndGlobal
